
Microsoft Visual Studio Solution File, Format Version 12.00
# Visual Studio Version 17
VisualStudioVersion = 17.4.33213.308
MinimumVisualStudioVersion = 10.0.40219.1
Project("{FAE04EC0-301F-11D3-BF4B-00C04F79EFBC}") = "SpartaRATserver", "WindowsFormsApp8\SpartaRATserver.csproj", "{B0533611-32AA-4541-80A5-F8A9B5D2939C}"
EndProject
Global
	GlobalSection(SolutionConfigurationPlatforms) = preSolution
		Debug|Any CPU = Debug|Any CPU
		Release|Any CPU = Release|Any CPU
	EndGlobalSection
	GlobalSection(ProjectConfigurationPlatforms) = postSolution
		{B0533611-32AA-4541-80A5-F8A9B5D2939C}.Debug|Any CPU.ActiveCfg = Debug|Any CPU
		{B0533611-32AA-4541-80A5-F8A9B5D2939C}.Debug|Any CPU.Build.0 = Debug|Any CPU
		{B0533611-32AA-4541-80A5-F8A9B5D2939C}.Release|Any CPU.ActiveCfg = Release|Any CPU
		{B0533611-32AA-4541-80A5-F8A9B5D2939C}.Release|Any CPU.Build.0 = Release|Any CPU
	EndGlobalSection
	GlobalSection(SolutionProperties) = preSolution
		HideSolutionNode = FALSE
	EndGlobalSection
	GlobalSection(ExtensibilityGlobals) = postSolution
		SolutionGuid = {3D3693D2-A251-433E-A796-6B36D34BA709}
	EndGlobalSection
EndGlobal
